// !$*UTF8*$!
{
	archiveVersion = 1;
	classes = {
	};
	objectVersion = 56;
	objects = {

/* Begin PBXBuildFile section */
		3042AD022A41BCB7004174A0 /* HolidayCollectionViewController.swift in Sources */ = {isa = PBXBuildFile; fileRef = 3042AD012A41BCB7004174A0 /* HolidayCollectionViewController.swift */; };
		3042AD052A41C2F4004174A0 /* HolidayCell.swift in Sources */ = {isa = PBXBuildFile; fileRef = 3042AD042A41C2F4004174A0 /* HolidayCell.swift */; };
		3042AD082A435629004174A0 /* NetworkManager.swift in Sources */ = {isa = PBXBuildFile; fileRef = 3042AD072A435629004174A0 /* NetworkManager.swift */; };
		3042AD0A2A4361FA004174A0 /* InfoHolidayViewController.swift in Sources */ = {isa = PBXBuildFile; fileRef = 3042AD092A4361FA004174A0 /* InfoHolidayViewController.swift */; };
		306438722A40D27E0069DE28 /* AppDelegate.swift in Sources */ = {isa = PBXBuildFile; fileRef = 306438712A40D27E0069DE28 /* AppDelegate.swift */; };
		306438742A40D27E0069DE28 /* SceneDelegate.swift in Sources */ = {isa = PBXBuildFile; fileRef = 306438732A40D27E0069DE28 /* SceneDelegate.swift */; };
		306438762A40D27E0069DE28 /* StartViewController.swift in Sources */ = {isa = PBXBuildFile; fileRef = 306438752A40D27E0069DE28 /* StartViewController.swift */; };
		306438792A40D27E0069DE28 /* Main.storyboard in Resources */ = {isa = PBXBuildFile; fileRef = 306438772A40D27E0069DE28 /* Main.storyboard */; };
		3064387B2A40D27F0069DE28 /* Assets.xcassets in Resources */ = {isa = PBXBuildFile; fileRef = 3064387A2A40D27F0069DE28 /* Assets.xcassets */; };
		3064387E2A40D27F0069DE28 /* LaunchScreen.storyboard in Resources */ = {isa = PBXBuildFile; fileRef = 3064387C2A40D27F0069DE28 /* LaunchScreen.storyboard */; };
		306438872A40D3830069DE28 /* Holiday.swift in Sources */ = {isa = PBXBuildFile; fileRef = 306438862A40D3830069DE28 /* Holiday.swift */; };
/* End PBXBuildFile section */

/* Begin PBXFileReference section */
		3042AD012A41BCB7004174A0 /* HolidayCollectionViewController.swift */ = {isa = PBXFileReference; lastKnownFileType = sourcecode.swift; path = HolidayCollectionViewController.swift; sourceTree = "<group>"; };
		3042AD042A41C2F4004174A0 /* HolidayCell.swift */ = {isa = PBXFileReference; lastKnownFileType = sourcecode.swift; path = HolidayCell.swift; sourceTree = "<group>"; };
		3042AD072A435629004174A0 /* NetworkManager.swift */ = {isa = PBXFileReference; lastKnownFileType = sourcecode.swift; path = NetworkManager.swift; sourceTree = "<group>"; };
		3042AD092A4361FA004174A0 /* InfoHolidayViewController.swift */ = {isa = PBXFileReference; lastKnownFileType = sourcecode.swift; path = InfoHolidayViewController.swift; sourceTree = "<group>"; };
		3064386E2A40D27E0069DE28 /* HolidaysBank.app */ = {isa = PBXFileReference; explicitFileType = wrapper.application; includeInIndex = 0; path = HolidaysBank.app; sourceTree = BUILT_PRODUCTS_DIR; };
		306438712A40D27E0069DE28 /* AppDelegate.swift */ = {isa = PBXFileReference; lastKnownFileType = sourcecode.swift; path = AppDelegate.swift; sourceTree = "<group>"; };
		306438732A40D27E0069DE28 /* SceneDelegate.swift */ = {isa = PBXFileReference; lastKnownFileType = sourcecode.swift; path = SceneDelegate.swift; sourceTree = "<group>"; };
		306438752A40D27E0069DE28 /* StartViewController.swift */ = {isa = PBXFileReference; lastKnownFileType = sourcecode.swift; path = StartViewController.swift; sourceTree = "<group>"; };
		306438782A40D27E0069DE28 /* Base */ = {isa = PBXFileReference; lastKnownFileType = file.storyboard; name = Base; path = Base.lproj/Main.storyboard; sourceTree = "<group>"; };
		3064387A2A40D27F0069DE28 /* Assets.xcassets */ = {isa = PBXFileReference; lastKnownFileType = folder.assetcatalog; path = Assets.xcassets; sourceTree = "<group>"; };
		3064387D2A40D27F0069DE28 /* Base */ = {isa = PBXFileReference; lastKnownFileType = file.storyboard; name = Base; path = Base.lproj/LaunchScreen.storyboard; sourceTree = "<group>"; };
		3064387F2A40D27F0069DE28 /* Info.plist */ = {isa = PBXFileReference; lastKnownFileType = text.plist.xml; path = Info.plist; sourceTree = "<group>"; };
		306438862A40D3830069DE28 /* Holiday.swift */ = {isa = PBXFileReference; lastKnownFileType = sourcecode.swift; path = Holiday.swift; sourceTree = "<group>"; };
/* End PBXFileReference section */

/* Begin PBXFrameworksBuildPhase section */
		3064386B2A40D27E0069DE28 /* Frameworks */ = {
			isa = PBXFrameworksBuildPhase;
			buildActionMask = 2147483647;
			files = (
			);
			runOnlyForDeploymentPostprocessing = 0;
		};
/* End PBXFrameworksBuildPhase section */

/* Begin PBXGroup section */
		3042AD032A41C2AB004174A0 /* View */ = {
			isa = PBXGroup;
			children = (
				3042AD042A41C2F4004174A0 /* HolidayCell.swift */,
			);
			path = View;
			sourceTree = "<group>";
		};
		3042AD062A4355E9004174A0 /* Services */ = {
			isa = PBXGroup;
			children = (
				3042AD072A435629004174A0 /* NetworkManager.swift */,
			);
			path = Services;
			sourceTree = "<group>";
		};
		306438652A40D27E0069DE28 = {
			isa = PBXGroup;
			children = (
				306438702A40D27E0069DE28 /* HolidaysBank */,
				3064386F2A40D27E0069DE28 /* Products */,
			);
			sourceTree = "<group>";
		};
		3064386F2A40D27E0069DE28 /* Products */ = {
			isa = PBXGroup;
			children = (
				3064386E2A40D27E0069DE28 /* HolidaysBank.app */,
			);
			name = Products;
			sourceTree = "<group>";
		};
		306438702A40D27E0069DE28 /* HolidaysBank */ = {
			isa = PBXGroup;
			children = (
				3042AD062A4355E9004174A0 /* Services */,
				3042AD032A41C2AB004174A0 /* View */,
				3064388B2A40DA570069DE28 /* Resources */,
				3064388A2A40DA400069DE28 /* StoryBoards */,
				306438892A40DA2F0069DE28 /* ViewControllers */,
				306438882A40DA150069DE28 /* App */,
				306438852A40D2940069DE28 /* Models */,
			);
			path = HolidaysBank;
			sourceTree = "<group>";
		};
		306438852A40D2940069DE28 /* Models */ = {
			isa = PBXGroup;
			children = (
				306438862A40D3830069DE28 /* Holiday.swift */,
			);
			path = Models;
			sourceTree = "<group>";
		};
		306438882A40DA150069DE28 /* App */ = {
			isa = PBXGroup;
			children = (
				306438712A40D27E0069DE28 /* AppDelegate.swift */,
				306438732A40D27E0069DE28 /* SceneDelegate.swift */,
				3064387F2A40D27F0069DE28 /* Info.plist */,
			);
			path = App;
			sourceTree = "<group>";
		};
		306438892A40DA2F0069DE28 /* ViewControllers */ = {
			isa = PBXGroup;
			children = (
				306438752A40D27E0069DE28 /* StartViewController.swift */,
				3042AD012A41BCB7004174A0 /* HolidayCollectionViewController.swift */,
				3042AD092A4361FA004174A0 /* InfoHolidayViewController.swift */,
			);
			path = ViewControllers;
			sourceTree = "<group>";
		};
		3064388A2A40DA400069DE28 /* StoryBoards */ = {
			isa = PBXGroup;
			children = (
				3064387C2A40D27F0069DE28 /* LaunchScreen.storyboard */,
				306438772A40D27E0069DE28 /* Main.storyboard */,
			);
			path = StoryBoards;
			sourceTree = "<group>";
		};
		3064388B2A40DA570069DE28 /* Resources */ = {
			isa = PBXGroup;
			children = (
				3064387A2A40D27F0069DE28 /* Assets.xcassets */,
			);
			path = Resources;
			sourceTree = "<group>";
		};
/* End PBXGroup section */

/* Begin PBXNativeTarget section */
		3064386D2A40D27E0069DE28 /* HolidaysBank */ = {
			isa = PBXNativeTarget;
			buildConfigurationList = 306438822A40D27F0069DE28 /* Build configuration list for PBXNativeTarget "HolidaysBank" */;
			buildPhases = (
				3064386A2A40D27E0069DE28 /* Sources */,
				3064386B2A40D27E0069DE28 /* Frameworks */,
				3064386C2A40D27E0069DE28 /* Resources */,
			);
			buildRules = (
			);
			dependencies = (
			);
			name = HolidaysBank;
			productName = HolidaysBank;
			productReference = 3064386E2A40D27E0069DE28 /* HolidaysBank.app */;
			productType = "com.apple.product-type.application";
		};
/* End PBXNativeTarget section */

/* Begin PBXProject section */
		306438662A40D27E0069DE28 /* Project object */ = {
			isa = PBXProject;
			attributes = {
				BuildIndependentTargetsInParallel = 1;
				LastSwiftUpdateCheck = 1430;
				LastUpgradeCheck = 1430;
				TargetAttributes = {
					3064386D2A40D27E0069DE28 = {
						CreatedOnToolsVersion = 14.3.1;
					};
				};
			};
			buildConfigurationList = 306438692A40D27E0069DE28 /* Build configuration list for PBXProject "HolidaysBank" */;
			compatibilityVersion = "Xcode 14.0";
			developmentRegion = en;
			hasScannedForEncodings = 0;
			knownRegions = (
				en,
				Base,
			);
			mainGroup = 306438652A40D27E0069DE28;
			productRefGroup = 3064386F2A40D27E0069DE28 /* Products */;
			projectDirPath = "";
			projectRoot = "";
			targets = (
				3064386D2A40D27E0069DE28 /* HolidaysBank */,
			);
		};
/* End PBXProject section */

/* Begin PBXResourcesBuildPhase section */
		3064386C2A40D27E0069DE28 /* Resources */ = {
			isa = PBXResourcesBuildPhase;
			buildActionMask = 2147483647;
			files = (
				3064387E2A40D27F0069DE28 /* LaunchScreen.storyboard in Resources */,
				3064387B2A40D27F0069DE28 /* Assets.xcassets in Resources */,
				306438792A40D27E0069DE28 /* Main.storyboard in Resources */,
			);
			runOnlyForDeploymentPostprocessing = 0;
		};
/* End PBXResourcesBuildPhase section */

/* Begin PBXSourcesBuildPhase section */
		3064386A2A40D27E0069DE28 /* Sources */ = {
			isa = PBXSourcesBuildPhase;
			buildActionMask = 2147483647;
			files = (
				306438762A40D27E0069DE28 /* StartViewController.swift in Sources */,
				306438722A40D27E0069DE28 /* AppDelegate.swift in Sources */,
				3042AD052A41C2F4004174A0 /* HolidayCell.swift in Sources */,
				3042AD082A435629004174A0 /* NetworkManager.swift in Sources */,
				3042AD022A41BCB7004174A0 /* HolidayCollectionViewController.swift in Sources */,
				306438872A40D3830069DE28 /* Holiday.swift in Sources */,
				306438742A40D27E0069DE28 /* SceneDelegate.swift in Sources */,
				3042AD0A2A4361FA004174A0 /* InfoHolidayViewController.swift in Sources */,
			);
			runOnlyForDeploymentPostprocessing = 0;
		};
/* End PBXSourcesBuildPhase section */

/* Begin PBXVariantGroup section */
		306438772A40D27E0069DE28 /* Main.storyboard */ = {
			isa = PBXVariantGroup;
			children = (
				306438782A40D27E0069DE28 /* Base */,
			);
			name = Main.storyboard;
			sourceTree = "<group>";
		};
		3064387C2A40D27F0069DE28 /* LaunchScreen.storyboard */ = {
			isa = PBXVariantGroup;
			children = (
				3064387D2A40D27F0069DE28 /* Base */,
			);
			name = LaunchScreen.storyboard;
			sourceTree = "<group>";
		};
/* End PBXVariantGroup section */

/* Begin XCBuildConfiguration section */
		306438802A40D27F0069DE28 /* Debug */ = {
			isa = XCBuildConfiguration;
			buildSettings = {
				ALWAYS_SEARCH_USER_PATHS = NO;
				CLANG_ANALYZER_NONNULL = YES;
				CLANG_ANALYZER_NUMBER_OBJECT_CONVERSION = YES_AGGRESSIVE;
				CLANG_CXX_LANGUAGE_STANDARD = "gnu++20";
				CLANG_ENABLE_MODULES = YES;
				CLANG_ENABLE_OBJC_ARC = YES;
				CLANG_ENABLE_OBJC_WEAK = YES;
				CLANG_WARN_BLOCK_CAPTURE_AUTORELEASING = YES;
				CLANG_WARN_BOOL_CONVERSION = YES;
				CLANG_WARN_COMMA = YES;
				CLANG_WARN_CONSTANT_CONVERSION = YES;
				CLANG_WARN_DEPRECATED_OBJC_IMPLEMENTATIONS = YES;
				CLANG_WARN_DIRECT_OBJC_ISA_USAGE = YES_ERROR;
				CLANG_WARN_DOCUMENTATION_COMMENTS = YES;
				CLANG_WARN_EMPTY_BODY = YES;
				CLANG_WARN_ENUM_CONVERSION = YES;
				CLANG_WARN_INFINITE_RECURSION = YES;
				CLANG_WARN_INT_CONVERSION = YES;
				CLANG_WARN_NON_LITERAL_NULL_CONVERSION = YES;
				CLANG_WARN_OBJC_IMPLICIT_RETAIN_SELF = YES;
				CLANG_WARN_OBJC_LITERAL_CONVERSION = YES;
				CLANG_WARN_OBJC_ROOT_CLASS = YES_ERROR;
				CLANG_WARN_QUOTED_INCLUDE_IN_FRAMEWORK_HEADER = YES;
				CLANG_WARN_RANGE_LOOP_ANALYSIS = YES;
				CLANG_WARN_STRICT_PROTOTYPES = YES;
				CLANG_WARN_SUSPICIOUS_MOVE = YES;
				CLANG_WARN_UNGUARDED_AVAILABILITY = YES_AGGRESSIVE;
				CLANG_WARN_UNREACHABLE_CODE = YES;
				CLANG_WARN__DUPLICATE_METHOD_MATCH = YES;
				COPY_PHASE_STRIP = NO;
				DEBUG_INFORMATION_FORMAT = dwarf;
				ENABLE_STRICT_OBJC_MSGSEND = YES;
				ENABLE_TESTABILITY = YES;
				GCC_C_LANGUAGE_STANDARD = gnu11;
				GCC_DYNAMIC_NO_PIC = NO;
				GCC_NO_COMMON_BLOCKS = YES;
				GCC_OPTIMIZATION_LEVEL = 0;
				GCC_PREPROCESSOR_DEFINITIONS = (
					"DEBUG=1",
					"$(inherited)",
				);
				GCC_WARN_64_TO_32_BIT_CONVERSION = YES;
				GCC_WARN_ABOUT_RETURN_TYPE = YES_ERROR;
				GCC_WARN_UNDECLARED_SELECTOR = YES;
				GCC_WARN_UNINITIALIZED_AUTOS = YES_AGGRESSIVE;
				GCC_WARN_UNUSED_FUNCTION = YES;
				GCC_WARN_UNUSED_VARIABLE = YES;
				IPHONEOS_DEPLOYMENT_TARGET = 16.4;
				MTL_ENABLE_DEBUG_INFO = INCLUDE_SOURCE;
				MTL_FAST_MATH = YES;
				ONLY_ACTIVE_ARCH = YES;
				SDKROOT = iphoneos;
				SWIFT_ACTIVE_COMPILATION_CONDITIONS = DEBUG;
				SWIFT_OPTIMIZATION_LEVEL = "-Onone";
			};
			name = Debug;
		};
		306438812A40D27F0069DE28 /* Release */ = {
			isa = XCBuildConfiguration;
			buildSettings = {
				ALWAYS_SEARCH_USER_PATHS = NO;
				CLANG_ANALYZER_NONNULL = YES;
				CLANG_ANALYZER_NUMBER_OBJECT_CONVERSION = YES_AGGRESSIVE;
				CLANG_CXX_LANGUAGE_STANDARD = "gnu++20";
				CLANG_ENABLE_MODULES = YES;
				CLANG_ENABLE_OBJC_ARC = YES;
				CLANG_ENABLE_OBJC_WEAK = YES;
				CLANG_WARN_BLOCK_CAPTURE_AUTORELEASING = YES;
				CLANG_WARN_BOOL_CONVERSION = YES;
				CLANG_WARN_COMMA = YES;
				CLANG_WARN_CONSTANT_CONVERSION = YES;
				CLANG_WARN_DEPRECATED_OBJC_IMPLEMENTATIONS = YES;
				CLANG_WARN_DIRECT_OBJC_ISA_USAGE = YES_ERROR;
				CLANG_WARN_DOCUMENTATION_COMMENTS = YES;
				CLANG_WARN_EMPTY_BODY = YES;
				CLANG_WARN_ENUM_CONVERSION = YES;
				CLANG_WARN_INFINITE_RECURSION = YES;
				CLANG_WARN_INT_CONVERSION = YES;
				CLANG_WARN_NON_LITERAL_NULL_CONVERSION = YES;
				CLANG_WARN_OBJC_IMPLICIT_RETAIN_SELF = YES;
				CLANG_WARN_OBJC_LITERAL_CONVERSION = YES;
				CLANG_WARN_OBJC_ROOT_CLASS = YES_ERROR;
				CLANG_WARN_QUOTED_INCLUDE_IN_FRAMEWORK_HEADER = YES;
				CLANG_WARN_RANGE_LOOP_ANALYSIS = YES;
				CLANG_WARN_STRICT_PROTOTYPES = YES;
				CLANG_WARN_SUSPICIOUS_MOVE = YES;
				CLANG_WARN_UNGUARDED_AVAILABILITY = YES_AGGRESSIVE;
				CLANG_WARN_UNREACHABLE_CODE = YES;
				CLANG_WARN__DUPLICATE_METHOD_MATCH = YES;
				COPY_PHASE_STRIP = NO;
				DEBUG_INFORMATION_FORMAT = "dwarf-with-dsym";
				ENABLE_NS_ASSERTIONS = NO;
				ENABLE_STRICT_OBJC_MSGSEND = YES;
				GCC_C_LANGUAGE_STANDARD = gnu11;
				GCC_NO_COMMON_BLOCKS = YES;
				GCC_WARN_64_TO_32_BIT_CONVERSION = YES;
				GCC_WARN_ABOUT_RETURN_TYPE = YES_ERROR;
				GCC_WARN_UNDECLARED_SELECTOR = YES;
				GCC_WARN_UNINITIALIZED_AUTOS = YES_AGGRESSIVE;
				GCC_WARN_UNUSED_FUNCTION = YES;
				GCC_WARN_UNUSED_VARIABLE = YES;
				IPHONEOS_DEPLOYMENT_TARGET = 16.4;
				MTL_ENABLE_DEBUG_INFO = NO;
				MTL_FAST_MATH = YES;
				SDKROOT = iphoneos;
				SWIFT_COMPILATION_MODE = wholemodule;
				SWIFT_OPTIMIZATION_LEVEL = "-O";
				VALIDATE_PRODUCT = YES;
			};
			name = Release;
		};
		306438832A40D27F0069DE28 /* Debug */ = {
			isa = XCBuildConfiguration;
			buildSettings = {
				ASSETCATALOG_COMPILER_APPICON_NAME = AppIcon;
				ASSETCATALOG_COMPILER_GLOBAL_ACCENT_COLOR_NAME = AccentColor;
				CODE_SIGN_STYLE = Automatic;
				CURRENT_PROJECT_VERSION = 1;
				DEVELOPMENT_TEAM = AR6AN34RS9;
				GENERATE_INFOPLIST_FILE = YES;
				INFOPLIST_FILE = HolidaysBank/App/Info.plist;
				INFOPLIST_KEY_UIApplicationSupportsIndirectInputEvents = YES;
				INFOPLIST_KEY_UILaunchStoryboardName = LaunchScreen;
				INFOPLIST_KEY_UIMainStoryboardFile = Main;
				INFOPLIST_KEY_UISupportedInterfaceOrientations_iPad = "UIInterfaceOrientationPortrait UIInterfaceOrientationPortraitUpsideDown UIInterfaceOrientationLandscapeLeft UIInterfaceOrientationLandscapeRight";
				INFOPLIST_KEY_UISupportedInterfaceOrientations_iPhone = "UIInterfaceOrientationPortrait UIInterfaceOrientationLandscapeLeft UIInterfaceOrientationLandscapeRight";
				LD_RUNPATH_SEARCH_PATHS = (
					"$(inherited)",
					"@executable_path/Frameworks",
				);
				MARKETING_VERSION = 1.0;
				PRODUCT_BUNDLE_IDENTIFIER = home.HolidaysBank;
				PRODUCT_NAME = "$(TARGET_NAME)";
				SUPPORTED_PLATFORMS = "iphoneos iphonesimulator";
				SUPPORTS_MACCATALYST = NO;
				SUPPORTS_MAC_DESIGNED_FOR_IPHONE_IPAD = NO;
				SWIFT_EMIT_LOC_STRINGS = YES;
				SWIFT_VERSION = 5.0;
				TARGETED_DEVICE_FAMILY = 1;
			};
			name = Debug;
		};
		306438842A40D27F0069DE28 /* Release */ = {
			isa = XCBuildConfiguration;
			buildSettings = {
				ASSETCATALOG_COMPILER_APPICON_NAME = AppIcon;
				ASSETCATALOG_COMPILER_GLOBAL_ACCENT_COLOR_NAME = AccentColor;
				CODE_SIGN_STYLE = Automatic;
				CURRENT_PROJECT_VERSION = 1;
				DEVELOPMENT_TEAM = AR6AN34RS9;
				GENERATE_INFOPLIST_FILE = YES;
				INFOPLIST_FILE = HolidaysBank/App/Info.plist;
				INFOPLIST_KEY_UIApplicationSupportsIndirectInputEvents = YES;
				INFOPLIST_KEY_UILaunchStoryboardName = LaunchScreen;
				INFOPLIST_KEY_UIMainStoryboardFile = Main;
				INFOPLIST_KEY_UISupportedInterfaceOrientations_iPad = "UIInterfaceOrientationPortrait UIInterfaceOrientationPortraitUpsideDown UIInterfaceOrientationLandscapeLeft UIInterfaceOrientationLandscapeRight";
				INFOPLIST_KEY_UISupportedInterfaceOrientations_iPhone = "UIInterfaceOrientationPortrait UIInterfaceOrientationLandscapeLeft UIInterfaceOrientationLandscapeRight";
				LD_RUNPATH_SEARCH_PATHS = (
					"$(inherited)",
					"@executable_path/Frameworks",
				);
				MARKETING_VERSION = 1.0;
				PRODUCT_BUNDLE_IDENTIFIER = home.HolidaysBank;
				PRODUCT_NAME = "$(TARGET_NAME)";
				SUPPORTED_PLATFORMS = "iphoneos iphonesimulator";
				SUPPORTS_MACCATALYST = NO;
				SUPPORTS_MAC_DESIGNED_FOR_IPHONE_IPAD = NO;
				SWIFT_EMIT_LOC_STRINGS = YES;
				SWIFT_VERSION = 5.0;
				TARGETED_DEVICE_FAMILY = 1;
			};
			name = Release;
		};
/* End XCBuildConfiguration section */

/* Begin XCConfigurationList section */
		306438692A40D27E0069DE28 /* Build configuration list for PBXProject "HolidaysBank" */ = {
			isa = XCConfigurationList;
			buildConfigurations = (
				306438802A40D27F0069DE28 /* Debug */,
				306438812A40D27F0069DE28 /* Release */,
			);
			defaultConfigurationIsVisible = 0;
			defaultConfigurationName = Release;
		};
		306438822A40D27F0069DE28 /* Build configuration list for PBXNativeTarget "HolidaysBank" */ = {
			isa = XCConfigurationList;
			buildConfigurations = (
				306438832A40D27F0069DE28 /* Debug */,
				306438842A40D27F0069DE28 /* Release */,
			);
			defaultConfigurationIsVisible = 0;
			defaultConfigurationName = Release;
		};
/* End XCConfigurationList section */
	};
	rootObject = 306438662A40D27E0069DE28 /* Project object */;
}
